
Microsoft Visual Studio Solution File, Format Version 12.00
# Visual Studio Version 16
VisualStudioVersion = 16.0.28803.202
MinimumVisualStudioVersion = 10.0.40219.1
Project("{FAE04EC0-301F-11D3-BF4B-00C04F79EFBC}") = "ForgeAPI_SoundsRegister", "ForgeAPI_SoundsRegister\ForgeAPI_SoundsRegister.csproj", "{5B79CC96-8335-4ABE-9472-92F1B256D1FB}"
EndProject
Global
	GlobalSection(SolutionConfigurationPlatforms) = preSolution
		Debug|Any CPU = Debug|Any CPU
		Release|Any CPU = Release|Any CPU
	EndGlobalSection
	GlobalSection(ProjectConfigurationPlatforms) = postSolution
		{5B79CC96-8335-4ABE-9472-92F1B256D1FB}.Debug|Any CPU.ActiveCfg = Debug|Any CPU
		{5B79CC96-8335-4ABE-9472-92F1B256D1FB}.Debug|Any CPU.Build.0 = Debug|Any CPU
		{5B79CC96-8335-4ABE-9472-92F1B256D1FB}.Release|Any CPU.ActiveCfg = Release|Any CPU
		{5B79CC96-8335-4ABE-9472-92F1B256D1FB}.Release|Any CPU.Build.0 = Release|Any CPU
	EndGlobalSection
	GlobalSection(SolutionProperties) = preSolution
		HideSolutionNode = FALSE
	EndGlobalSection
	GlobalSection(ExtensibilityGlobals) = postSolution
		SolutionGuid = {C5F5A8B8-65B6-48DB-AC2C-62E187B3A38E}
	EndGlobalSection
EndGlobal
